
Microsoft Visual Studio Solution File, Format Version 12.00
# Visual Studio Version 17
VisualStudioVersion = 17.0.31903.59
MinimumVisualStudioVersion = 10.0.40219.1
Project("{FAE04EC0-301F-11D3-BF4B-00C04F79EFBC}") = "ConsoleApp1", "ConsoleApp1\ConsoleApp1.csproj", "{155FE06D-8134-45C3-826C-2053386649D2}"
EndProject
Project("{FAE04EC0-301F-11D3-BF4B-00C04F79EFBC}") = "ConsoleApp1Tests", "ConsoleApp1Tests\ConsoleApp1Tests.csproj", "{2783C8F9-8977-4531-98D6-7E589E605E46}"
EndProject
Global
	GlobalSection(SolutionConfigurationPlatforms) = preSolution
		Debug|Any CPU = Debug|Any CPU
		Release|Any CPU = Release|Any CPU
	EndGlobalSection
	GlobalSection(SolutionProperties) = preSolution
		HideSolutionNode = FALSE
	EndGlobalSection
	GlobalSection(ProjectConfigurationPlatforms) = postSolution
		{155FE06D-8134-45C3-826C-2053386649D2}.Debug|Any CPU.ActiveCfg = Debug|Any CPU
		{155FE06D-8134-45C3-826C-2053386649D2}.Debug|Any CPU.Build.0 = Debug|Any CPU
		{155FE06D-8134-45C3-826C-2053386649D2}.Release|Any CPU.ActiveCfg = Release|Any CPU
		{155FE06D-8134-45C3-826C-2053386649D2}.Release|Any CPU.Build.0 = Release|Any CPU
		{2783C8F9-8977-4531-98D6-7E589E605E46}.Debug|Any CPU.ActiveCfg = Debug|Any CPU
		{2783C8F9-8977-4531-98D6-7E589E605E46}.Debug|Any CPU.Build.0 = Debug|Any CPU
		{2783C8F9-8977-4531-98D6-7E589E605E46}.Release|Any CPU.ActiveCfg = Release|Any CPU
		{2783C8F9-8977-4531-98D6-7E589E605E46}.Release|Any CPU.Build.0 = Release|Any CPU
	EndGlobalSection
EndGlobal
